
Microsoft Visual Studio Solution File, Format Version 12.00
# Visual Studio 15
VisualStudioVersion = 15.0.28307.1267
MinimumVisualStudioVersion = 10.0.40219.1
Project("{FAE04EC0-301F-11D3-BF4B-00C04F79EFBC}") = "Covid19Project", "Covid19Project\Covid19Project.csproj", "{784762F2-A166-4819-8ED2-8C99EA94E298}"
EndProject
Global
	GlobalSection(SolutionConfigurationPlatforms) = preSolution
		Debug|Any CPU = Debug|Any CPU
		Release|Any CPU = Release|Any CPU
	EndGlobalSection
	GlobalSection(ProjectConfigurationPlatforms) = postSolution
		{784762F2-A166-4819-8ED2-8C99EA94E298}.Debug|Any CPU.ActiveCfg = Debug|Any CPU
		{784762F2-A166-4819-8ED2-8C99EA94E298}.Debug|Any CPU.Build.0 = Debug|Any CPU
		{784762F2-A166-4819-8ED2-8C99EA94E298}.Release|Any CPU.ActiveCfg = Release|Any CPU
		{784762F2-A166-4819-8ED2-8C99EA94E298}.Release|Any CPU.Build.0 = Release|Any CPU
	EndGlobalSection
	GlobalSection(SolutionProperties) = preSolution
		HideSolutionNode = FALSE
	EndGlobalSection
	GlobalSection(ExtensibilityGlobals) = postSolution
		SolutionGuid = {406CC76F-0314-43E5-9286-700B278CBF75}
	EndGlobalSection
EndGlobal
