
Microsoft Visual Studio Solution File, Format Version 12.00
# Visual Studio 15
VisualStudioVersion = 15.0.28307.1267
MinimumVisualStudioVersion = 10.0.40219.1
Project("{FAE04EC0-301F-11D3-BF4B-00C04F79EFBC}") = "Covid19Project", "Covid19Project\Covid19Project.csproj", "{6C19ADC8-45FE-4E97-B26A-27395E2BD9E9}"
EndProject
Global
	GlobalSection(SolutionConfigurationPlatforms) = preSolution
		Debug|Any CPU = Debug|Any CPU
		Release|Any CPU = Release|Any CPU
	EndGlobalSection
	GlobalSection(ProjectConfigurationPlatforms) = postSolution
		{6C19ADC8-45FE-4E97-B26A-27395E2BD9E9}.Debug|Any CPU.ActiveCfg = Debug|Any CPU
		{6C19ADC8-45FE-4E97-B26A-27395E2BD9E9}.Debug|Any CPU.Build.0 = Debug|Any CPU
		{6C19ADC8-45FE-4E97-B26A-27395E2BD9E9}.Release|Any CPU.ActiveCfg = Release|Any CPU
		{6C19ADC8-45FE-4E97-B26A-27395E2BD9E9}.Release|Any CPU.Build.0 = Release|Any CPU
	EndGlobalSection
	GlobalSection(SolutionProperties) = preSolution
		HideSolutionNode = FALSE
	EndGlobalSection
	GlobalSection(ExtensibilityGlobals) = postSolution
		SolutionGuid = {DF063E23-FCD3-4057-BC54-22707C455275}
	EndGlobalSection
EndGlobal
